
Microsoft Visual Studio Solution File, Format Version 12.00
Project("{FAE04EC0-301F-11D3-BF4B-00C04F79EFBC}") = "ReleaseBox.WebApi", "ReleaseBox.WebApi\ReleaseBox.WebApi.csproj", "{49B46FFC-0B47-4F49-87B7-5EE180261D28}"
EndProject
Project("{FAE04EC0-301F-11D3-BF4B-00C04F79EFBC}") = "ReleaseBox.Core", "ReleaseBox.Core\ReleaseBox.Core.csproj", "{5C038129-D68D-4D19-94EF-DFFE403E91AD}"
EndProject
Project("{FAE04EC0-301F-11D3-BF4B-00C04F79EFBC}") = "Common", "Common\Common.csproj", "{796E2D10-C326-4863-BE76-9036A59F3EB7}"
EndProject
Project("{FAE04EC0-301F-11D3-BF4B-00C04F79EFBC}") = "ReleaseBox.Data", "ReleaseBox.Data\ReleaseBox.Data.csproj", "{C25D13DD-226B-40FB-AAAB-657E96D0681E}"
EndProject
Project("{FAE04EC0-301F-11D3-BF4B-00C04F79EFBC}") = "ReleaseBox.Data.Sqlite", "ReleaseBox.Data.Sqlite\ReleaseBox.Data.Sqlite.csproj", "{4A31EE2F-73DD-4B50-9E7B-E8257AE8914A}"
EndProject
Project("{2150E333-8FDC-42A3-9474-1A3956D46DE8}") = "Data", "Data", "{92B03002-883A-44F6-8B7D-C8A4D1212188}"
EndProject
Project("{2150E333-8FDC-42A3-9474-1A3956D46DE8}") = "Core", "Core", "{E8C2D91D-8E0C-4A0C-A563-DFC47C2891E2}"
EndProject
Project("{2150E333-8FDC-42A3-9474-1A3956D46DE8}") = "WebApi", "WebApi", "{0C94EF89-A650-4564-8F74-2A3EB22F7EB5}"
EndProject
Project("{FAE04EC0-301F-11D3-BF4B-00C04F79EFBC}") = "ReleaseBox.Core.Test", "ReleaseBox.Core.Test\ReleaseBox.Core.Test.csproj", "{C657EA4F-38C5-4C9D-8AE4-347E191DC872}"
EndProject
Global
	GlobalSection(SolutionConfigurationPlatforms) = preSolution
		Debug|Any CPU = Debug|Any CPU
		Release|Any CPU = Release|Any CPU
	EndGlobalSection
	GlobalSection(ProjectConfigurationPlatforms) = postSolution
		{49B46FFC-0B47-4F49-87B7-5EE180261D28}.Debug|Any CPU.ActiveCfg = Debug|Any CPU
		{49B46FFC-0B47-4F49-87B7-5EE180261D28}.Debug|Any CPU.Build.0 = Debug|Any CPU
		{49B46FFC-0B47-4F49-87B7-5EE180261D28}.Release|Any CPU.ActiveCfg = Release|Any CPU
		{49B46FFC-0B47-4F49-87B7-5EE180261D28}.Release|Any CPU.Build.0 = Release|Any CPU
		{5C038129-D68D-4D19-94EF-DFFE403E91AD}.Debug|Any CPU.ActiveCfg = Debug|Any CPU
		{5C038129-D68D-4D19-94EF-DFFE403E91AD}.Debug|Any CPU.Build.0 = Debug|Any CPU
		{5C038129-D68D-4D19-94EF-DFFE403E91AD}.Release|Any CPU.ActiveCfg = Release|Any CPU
		{5C038129-D68D-4D19-94EF-DFFE403E91AD}.Release|Any CPU.Build.0 = Release|Any CPU
		{796E2D10-C326-4863-BE76-9036A59F3EB7}.Debug|Any CPU.ActiveCfg = Debug|Any CPU
		{796E2D10-C326-4863-BE76-9036A59F3EB7}.Debug|Any CPU.Build.0 = Debug|Any CPU
		{796E2D10-C326-4863-BE76-9036A59F3EB7}.Release|Any CPU.ActiveCfg = Release|Any CPU
		{796E2D10-C326-4863-BE76-9036A59F3EB7}.Release|Any CPU.Build.0 = Release|Any CPU
		{C25D13DD-226B-40FB-AAAB-657E96D0681E}.Debug|Any CPU.ActiveCfg = Debug|Any CPU
		{C25D13DD-226B-40FB-AAAB-657E96D0681E}.Debug|Any CPU.Build.0 = Debug|Any CPU
		{C25D13DD-226B-40FB-AAAB-657E96D0681E}.Release|Any CPU.ActiveCfg = Release|Any CPU
		{C25D13DD-226B-40FB-AAAB-657E96D0681E}.Release|Any CPU.Build.0 = Release|Any CPU
		{4A31EE2F-73DD-4B50-9E7B-E8257AE8914A}.Debug|Any CPU.ActiveCfg = Debug|Any CPU
		{4A31EE2F-73DD-4B50-9E7B-E8257AE8914A}.Debug|Any CPU.Build.0 = Debug|Any CPU
		{4A31EE2F-73DD-4B50-9E7B-E8257AE8914A}.Release|Any CPU.ActiveCfg = Release|Any CPU
		{4A31EE2F-73DD-4B50-9E7B-E8257AE8914A}.Release|Any CPU.Build.0 = Release|Any CPU
		{C657EA4F-38C5-4C9D-8AE4-347E191DC872}.Debug|Any CPU.ActiveCfg = Debug|Any CPU
		{C657EA4F-38C5-4C9D-8AE4-347E191DC872}.Debug|Any CPU.Build.0 = Debug|Any CPU
		{C657EA4F-38C5-4C9D-8AE4-347E191DC872}.Release|Any CPU.ActiveCfg = Release|Any CPU
		{C657EA4F-38C5-4C9D-8AE4-347E191DC872}.Release|Any CPU.Build.0 = Release|Any CPU
	EndGlobalSection
	GlobalSection(NestedProjects) = preSolution
		{C25D13DD-226B-40FB-AAAB-657E96D0681E} = {92B03002-883A-44F6-8B7D-C8A4D1212188}
		{4A31EE2F-73DD-4B50-9E7B-E8257AE8914A} = {92B03002-883A-44F6-8B7D-C8A4D1212188}
		{5C038129-D68D-4D19-94EF-DFFE403E91AD} = {E8C2D91D-8E0C-4A0C-A563-DFC47C2891E2}
		{49B46FFC-0B47-4F49-87B7-5EE180261D28} = {0C94EF89-A650-4564-8F74-2A3EB22F7EB5}
		{C657EA4F-38C5-4C9D-8AE4-347E191DC872} = {E8C2D91D-8E0C-4A0C-A563-DFC47C2891E2}
	EndGlobalSection
EndGlobal
